// !$*UTF8*$!
{
	archiveVersion = 1;
	classes = {
	};
	objectVersion = 46;
	objects = {

/* Begin PBXBuildFile section */
		5F2C54301E2F394C003B61CC /* main.m in Sources */ = {isa = PBXBuildFile; fileRef = 5F2C542F1E2F394C003B61CC /* main.m */; };
		5F2C54331E2F394C003B61CC /* AppDelegate.m in Sources */ = {isa = PBXBuildFile; fileRef = 5F2C54321E2F394C003B61CC /* AppDelegate.m */; };
		5F2C54361E2F394C003B61CC /* ViewController.m in Sources */ = {isa = PBXBuildFile; fileRef = 5F2C54351E2F394C003B61CC /* ViewController.m */; };
		5F2C54391E2F394C003B61CC /* Main.storyboard in Resources */ = {isa = PBXBuildFile; fileRef = 5F2C54371E2F394C003B61CC /* Main.storyboard */; };
		5F2C543B1E2F394C003B61CC /* Assets.xcassets in Resources */ = {isa = PBXBuildFile; fileRef = 5F2C543A1E2F394C003B61CC /* Assets.xcassets */; };
		5F2C543E1E2F394C003B61CC /* LaunchScreen.storyboard in Resources */ = {isa = PBXBuildFile; fileRef = 5F2C543C1E2F394C003B61CC /* LaunchScreen.storyboard */; };
		5F2C54491E2F394C003B61CC /* xCallBackTestTwoTests.m in Sources */ = {isa = PBXBuildFile; fileRef = 5F2C54481E2F394C003B61CC /* xCallBackTestTwoTests.m */; };
		5F2C545C1E2F3A80003B61CC /* IACClient.m in Sources */ = {isa = PBXBuildFile; fileRef = 5F2C54541E2F3A80003B61CC /* IACClient.m */; };
		5F2C545D1E2F3A80003B61CC /* IACManager.m in Sources */ = {isa = PBXBuildFile; fileRef = 5F2C54571E2F3A80003B61CC /* IACManager.m */; };
		5F2C545E1E2F3A80003B61CC /* IACRequest.m in Sources */ = {isa = PBXBuildFile; fileRef = 5F2C54591E2F3A80003B61CC /* IACRequest.m */; };
		5F2C545F1E2F3A80003B61CC /* NSString+IACExtensions.m in Sources */ = {isa = PBXBuildFile; fileRef = 5F2C545B1E2F3A80003B61CC /* NSString+IACExtensions.m */; };
		5F2C54A01E2F7784003B61CC /* KNaModel.m in Sources */ = {isa = PBXBuildFile; fileRef = 5F2C549F1E2F7784003B61CC /* KNaModel.m */; };
		5F3330A01E30CD1A00F4EDD9 /* UIView+Toast.m in Sources */ = {isa = PBXBuildFile; fileRef = 5F33309F1E30CD1A00F4EDD9 /* UIView+Toast.m */; };
		5F3330A61E3209A700F4EDD9 /* UICountingLabel.m in Sources */ = {isa = PBXBuildFile; fileRef = 5F3330A51E3209A700F4EDD9 /* UICountingLabel.m */; };
/* End PBXBuildFile section */

/* Begin PBXContainerItemProxy section */
		5F2C54451E2F394C003B61CC /* PBXContainerItemProxy */ = {
			isa = PBXContainerItemProxy;
			containerPortal = 5F2C54231E2F394C003B61CC /* Project object */;
			proxyType = 1;
			remoteGlobalIDString = 5F2C542A1E2F394C003B61CC;
			remoteInfo = xCallBackTestTwo;
		};
/* End PBXContainerItemProxy section */

/* Begin PBXFileReference section */
		5F2C542B1E2F394C003B61CC /* xCallBackTestTwo.app */ = {isa = PBXFileReference; explicitFileType = wrapper.application; includeInIndex = 0; path = xCallBackTestTwo.app; sourceTree = BUILT_PRODUCTS_DIR; };
		5F2C542F1E2F394C003B61CC /* main.m */ = {isa = PBXFileReference; lastKnownFileType = sourcecode.c.objc; path = main.m; sourceTree = "<group>"; };
		5F2C54311E2F394C003B61CC /* AppDelegate.h */ = {isa = PBXFileReference; lastKnownFileType = sourcecode.c.h; path = AppDelegate.h; sourceTree = "<group>"; };
		5F2C54321E2F394C003B61CC /* AppDelegate.m */ = {isa = PBXFileReference; lastKnownFileType = sourcecode.c.objc; path = AppDelegate.m; sourceTree = "<group>"; };
		5F2C54341E2F394C003B61CC /* ViewController.h */ = {isa = PBXFileReference; lastKnownFileType = sourcecode.c.h; path = ViewController.h; sourceTree = "<group>"; };
		5F2C54351E2F394C003B61CC /* ViewController.m */ = {isa = PBXFileReference; lastKnownFileType = sourcecode.c.objc; path = ViewController.m; sourceTree = "<group>"; };
		5F2C54381E2F394C003B61CC /* Base */ = {isa = PBXFileReference; lastKnownFileType = file.storyboard; name = Base; path = Base.lproj/Main.storyboard; sourceTree = "<group>"; };
		5F2C543A1E2F394C003B61CC /* Assets.xcassets */ = {isa = PBXFileReference; lastKnownFileType = folder.assetcatalog; path = Assets.xcassets; sourceTree = "<group>"; };
		5F2C543D1E2F394C003B61CC /* Base */ = {isa = PBXFileReference; lastKnownFileType = file.storyboard; name = Base; path = Base.lproj/LaunchScreen.storyboard; sourceTree = "<group>"; };
		5F2C543F1E2F394C003B61CC /* Info.plist */ = {isa = PBXFileReference; lastKnownFileType = text.plist.xml; path = Info.plist; sourceTree = "<group>"; };
		5F2C54441E2F394C003B61CC /* xCallBackTestTwoTests.xctest */ = {isa = PBXFileReference; explicitFileType = wrapper.cfbundle; includeInIndex = 0; path = xCallBackTestTwoTests.xctest; sourceTree = BUILT_PRODUCTS_DIR; };
		5F2C54481E2F394C003B61CC /* xCallBackTestTwoTests.m */ = {isa = PBXFileReference; lastKnownFileType = sourcecode.c.objc; path = xCallBackTestTwoTests.m; sourceTree = "<group>"; };
		5F2C544A1E2F394C003B61CC /* Info.plist */ = {isa = PBXFileReference; lastKnownFileType = text.plist.xml; path = Info.plist; sourceTree = "<group>"; };
		5F2C54531E2F3A80003B61CC /* IACClient.h */ = {isa = PBXFileReference; fileEncoding = 4; lastKnownFileType = sourcecode.c.h; path = IACClient.h; sourceTree = "<group>"; };
		5F2C54541E2F3A80003B61CC /* IACClient.m */ = {isa = PBXFileReference; fileEncoding = 4; lastKnownFileType = sourcecode.c.objc; path = IACClient.m; sourceTree = "<group>"; };
		5F2C54551E2F3A80003B61CC /* IACDelegate.h */ = {isa = PBXFileReference; fileEncoding = 4; lastKnownFileType = sourcecode.c.h; path = IACDelegate.h; sourceTree = "<group>"; };
		5F2C54561E2F3A80003B61CC /* IACManager.h */ = {isa = PBXFileReference; fileEncoding = 4; lastKnownFileType = sourcecode.c.h; path = IACManager.h; sourceTree = "<group>"; };
		5F2C54571E2F3A80003B61CC /* IACManager.m */ = {isa = PBXFileReference; fileEncoding = 4; lastKnownFileType = sourcecode.c.objc; path = IACManager.m; sourceTree = "<group>"; };
		5F2C54581E2F3A80003B61CC /* IACRequest.h */ = {isa = PBXFileReference; fileEncoding = 4; lastKnownFileType = sourcecode.c.h; path = IACRequest.h; sourceTree = "<group>"; };
		5F2C54591E2F3A80003B61CC /* IACRequest.m */ = {isa = PBXFileReference; fileEncoding = 4; lastKnownFileType = sourcecode.c.objc; path = IACRequest.m; sourceTree = "<group>"; };
		5F2C545A1E2F3A80003B61CC /* NSString+IACExtensions.h */ = {isa = PBXFileReference; fileEncoding = 4; lastKnownFileType = sourcecode.c.h; path = "NSString+IACExtensions.h"; sourceTree = "<group>"; };
		5F2C545B1E2F3A80003B61CC /* NSString+IACExtensions.m */ = {isa = PBXFileReference; fileEncoding = 4; lastKnownFileType = sourcecode.c.objc; path = "NSString+IACExtensions.m"; sourceTree = "<group>"; };
		5F2C549F1E2F7784003B61CC /* KNaModel.m */ = {isa = PBXFileReference; fileEncoding = 4; lastKnownFileType = sourcecode.c.objc; path = KNaModel.m; sourceTree = "<group>"; };
		5F33309E1E30CD1A00F4EDD9 /* UIView+Toast.h */ = {isa = PBXFileReference; fileEncoding = 4; lastKnownFileType = sourcecode.c.h; path = "UIView+Toast.h"; sourceTree = "<group>"; };
		5F33309F1E30CD1A00F4EDD9 /* UIView+Toast.m */ = {isa = PBXFileReference; fileEncoding = 4; lastKnownFileType = sourcecode.c.objc; path = "UIView+Toast.m"; sourceTree = "<group>"; };
		5F3330A41E3209A700F4EDD9 /* UICountingLabel.h */ = {isa = PBXFileReference; fileEncoding = 4; lastKnownFileType = sourcecode.c.h; path = UICountingLabel.h; sourceTree = "<group>"; };
		5F3330A51E3209A700F4EDD9 /* UICountingLabel.m */ = {isa = PBXFileReference; fileEncoding = 4; lastKnownFileType = sourcecode.c.objc; path = UICountingLabel.m; sourceTree = "<group>"; };
/* End PBXFileReference section */

/* Begin PBXFrameworksBuildPhase section */
		5F2C54281E2F394C003B61CC /* Frameworks */ = {
			isa = PBXFrameworksBuildPhase;
			buildActionMask = 2147483647;
			files = (
			);
			runOnlyForDeploymentPostprocessing = 0;
		};
		5F2C54411E2F394C003B61CC /* Frameworks */ = {
			isa = PBXFrameworksBuildPhase;
			buildActionMask = 2147483647;
			files = (
			);
			runOnlyForDeploymentPostprocessing = 0;
		};
/* End PBXFrameworksBuildPhase section */

/* Begin PBXGroup section */
		5F2C54221E2F394C003B61CC = {
			isa = PBXGroup;
			children = (
				5F2C542D1E2F394C003B61CC /* xCallBackTestTwo */,
				5F2C54471E2F394C003B61CC /* xCallBackTestTwoTests */,
				5F2C542C1E2F394C003B61CC /* Products */,
			);
			sourceTree = "<group>";
		};
		5F2C542C1E2F394C003B61CC /* Products */ = {
			isa = PBXGroup;
			children = (
				5F2C542B1E2F394C003B61CC /* xCallBackTestTwo.app */,
				5F2C54441E2F394C003B61CC /* xCallBackTestTwoTests.xctest */,
			);
			name = Products;
			sourceTree = "<group>";
		};
		5F2C542D1E2F394C003B61CC /* xCallBackTestTwo */ = {
			isa = PBXGroup;
			children = (
				5F3330A41E3209A700F4EDD9 /* UICountingLabel.h */,
				5F3330A51E3209A700F4EDD9 /* UICountingLabel.m */,
				5F33309E1E30CD1A00F4EDD9 /* UIView+Toast.h */,
				5F33309F1E30CD1A00F4EDD9 /* UIView+Toast.m */,
				5F2C54531E2F3A80003B61CC /* IACClient.h */,
				5F2C54541E2F3A80003B61CC /* IACClient.m */,
				5F2C54551E2F3A80003B61CC /* IACDelegate.h */,
				5F2C54561E2F3A80003B61CC /* IACManager.h */,
				5F2C54571E2F3A80003B61CC /* IACManager.m */,
				5F2C54581E2F3A80003B61CC /* IACRequest.h */,
				5F2C54591E2F3A80003B61CC /* IACRequest.m */,
				5F2C545A1E2F3A80003B61CC /* NSString+IACExtensions.h */,
				5F2C545B1E2F3A80003B61CC /* NSString+IACExtensions.m */,
				5F2C54311E2F394C003B61CC /* AppDelegate.h */,
				5F2C54321E2F394C003B61CC /* AppDelegate.m */,
				5F2C54341E2F394C003B61CC /* ViewController.h */,
				5F2C54351E2F394C003B61CC /* ViewController.m */,
				5F2C54371E2F394C003B61CC /* Main.storyboard */,
				5F2C543A1E2F394C003B61CC /* Assets.xcassets */,
				5F2C543C1E2F394C003B61CC /* LaunchScreen.storyboard */,
				5F2C543F1E2F394C003B61CC /* Info.plist */,
				5F2C542E1E2F394C003B61CC /* Supporting Files */,
				5F2C549F1E2F7784003B61CC /* KNaModel.m */,
			);
			path = xCallBackTestTwo;
			sourceTree = "<group>";
		};
		5F2C542E1E2F394C003B61CC /* Supporting Files */ = {
			isa = PBXGroup;
			children = (
				5F2C542F1E2F394C003B61CC /* main.m */,
			);
			name = "Supporting Files";
			sourceTree = "<group>";
		};
		5F2C54471E2F394C003B61CC /* xCallBackTestTwoTests */ = {
			isa = PBXGroup;
			children = (
				5F2C54481E2F394C003B61CC /* xCallBackTestTwoTests.m */,
				5F2C544A1E2F394C003B61CC /* Info.plist */,
			);
			path = xCallBackTestTwoTests;
			sourceTree = "<group>";
		};
/* End PBXGroup section */

/* Begin PBXNativeTarget section */
		5F2C542A1E2F394C003B61CC /* xCallBackTestTwo */ = {
			isa = PBXNativeTarget;
			buildConfigurationList = 5F2C544D1E2F394C003B61CC /* Build configuration list for PBXNativeTarget "xCallBackTestTwo" */;
			buildPhases = (
				5F2C54271E2F394C003B61CC /* Sources */,
				5F2C54281E2F394C003B61CC /* Frameworks */,
				5F2C54291E2F394C003B61CC /* Resources */,
			);
			buildRules = (
			);
			dependencies = (
			);
			name = xCallBackTestTwo;
			productName = xCallBackTestTwo;
			productReference = 5F2C542B1E2F394C003B61CC /* xCallBackTestTwo.app */;
			productType = "com.apple.product-type.application";
		};
		5F2C54431E2F394C003B61CC /* xCallBackTestTwoTests */ = {
			isa = PBXNativeTarget;
			buildConfigurationList = 5F2C54501E2F394C003B61CC /* Build configuration list for PBXNativeTarget "xCallBackTestTwoTests" */;
			buildPhases = (
				5F2C54401E2F394C003B61CC /* Sources */,
				5F2C54411E2F394C003B61CC /* Frameworks */,
				5F2C54421E2F394C003B61CC /* Resources */,
			);
			buildRules = (
			);
			dependencies = (
				5F2C54461E2F394C003B61CC /* PBXTargetDependency */,
			);
			name = xCallBackTestTwoTests;
			productName = xCallBackTestTwoTests;
			productReference = 5F2C54441E2F394C003B61CC /* xCallBackTestTwoTests.xctest */;
			productType = "com.apple.product-type.bundle.unit-test";
		};
/* End PBXNativeTarget section */

/* Begin PBXProject section */
		5F2C54231E2F394C003B61CC /* Project object */ = {
			isa = PBXProject;
			attributes = {
				LastUpgradeCheck = 0810;
				ORGANIZATIONNAME = Harman;
				TargetAttributes = {
					5F2C542A1E2F394C003B61CC = {
						CreatedOnToolsVersion = 8.1;
						DevelopmentTeam = V369DRVQ8P;
						ProvisioningStyle = Automatic;
					};
					5F2C54431E2F394C003B61CC = {
						CreatedOnToolsVersion = 8.1;
						ProvisioningStyle = Automatic;
						TestTargetID = 5F2C542A1E2F394C003B61CC;
					};
				};
			};
			buildConfigurationList = 5F2C54261E2F394C003B61CC /* Build configuration list for PBXProject "xCallBackTestTwo" */;
			compatibilityVersion = "Xcode 3.2";
			developmentRegion = English;
			hasScannedForEncodings = 0;
			knownRegions = (
				en,
				Base,
			);
			mainGroup = 5F2C54221E2F394C003B61CC;
			productRefGroup = 5F2C542C1E2F394C003B61CC /* Products */;
			projectDirPath = "";
			projectRoot = "";
			targets = (
				5F2C542A1E2F394C003B61CC /* xCallBackTestTwo */,
				5F2C54431E2F394C003B61CC /* xCallBackTestTwoTests */,
			);
		};
/* End PBXProject section */

/* Begin PBXResourcesBuildPhase section */
		5F2C54291E2F394C003B61CC /* Resources */ = {
			isa = PBXResourcesBuildPhase;
			buildActionMask = 2147483647;
			files = (
				5F2C543E1E2F394C003B61CC /* LaunchScreen.storyboard in Resources */,
				5F2C543B1E2F394C003B61CC /* Assets.xcassets in Resources */,
				5F2C54391E2F394C003B61CC /* Main.storyboard in Resources */,
			);
			runOnlyForDeploymentPostprocessing = 0;
		};
		5F2C54421E2F394C003B61CC /* Resources */ = {
			isa = PBXResourcesBuildPhase;
			buildActionMask = 2147483647;
			files = (
			);
			runOnlyForDeploymentPostprocessing = 0;
		};
/* End PBXResourcesBuildPhase section */

/* Begin PBXSourcesBuildPhase section */
		5F2C54271E2F394C003B61CC /* Sources */ = {
			isa = PBXSourcesBuildPhase;
			buildActionMask = 2147483647;
			files = (
				5F3330A01E30CD1A00F4EDD9 /* UIView+Toast.m in Sources */,
				5F2C54A01E2F7784003B61CC /* KNaModel.m in Sources */,
				5F2C54361E2F394C003B61CC /* ViewController.m in Sources */,
				5F2C54331E2F394C003B61CC /* AppDelegate.m in Sources */,
				5F2C545C1E2F3A80003B61CC /* IACClient.m in Sources */,
				5F2C545E1E2F3A80003B61CC /* IACRequest.m in Sources */,
				5F2C545F1E2F3A80003B61CC /* NSString+IACExtensions.m in Sources */,
				5F3330A61E3209A700F4EDD9 /* UICountingLabel.m in Sources */,
				5F2C545D1E2F3A80003B61CC /* IACManager.m in Sources */,
				5F2C54301E2F394C003B61CC /* main.m in Sources */,
			);
			runOnlyForDeploymentPostprocessing = 0;
		};
		5F2C54401E2F394C003B61CC /* Sources */ = {
			isa = PBXSourcesBuildPhase;
			buildActionMask = 2147483647;
			files = (
				5F2C54491E2F394C003B61CC /* xCallBackTestTwoTests.m in Sources */,
			);
			runOnlyForDeploymentPostprocessing = 0;
		};
/* End PBXSourcesBuildPhase section */

/* Begin PBXTargetDependency section */
		5F2C54461E2F394C003B61CC /* PBXTargetDependency */ = {
			isa = PBXTargetDependency;
			target = 5F2C542A1E2F394C003B61CC /* xCallBackTestTwo */;
			targetProxy = 5F2C54451E2F394C003B61CC /* PBXContainerItemProxy */;
		};
/* End PBXTargetDependency section */

/* Begin PBXVariantGroup section */
		5F2C54371E2F394C003B61CC /* Main.storyboard */ = {
			isa = PBXVariantGroup;
			children = (
				5F2C54381E2F394C003B61CC /* Base */,
			);
			name = Main.storyboard;
			sourceTree = "<group>";
		};
		5F2C543C1E2F394C003B61CC /* LaunchScreen.storyboard */ = {
			isa = PBXVariantGroup;
			children = (
				5F2C543D1E2F394C003B61CC /* Base */,
			);
			name = LaunchScreen.storyboard;
			sourceTree = "<group>";
		};
/* End PBXVariantGroup section */

/* Begin XCBuildConfiguration section */
		5F2C544B1E2F394C003B61CC /* Debug */ = {
			isa = XCBuildConfiguration;
			buildSettings = {
				ALWAYS_SEARCH_USER_PATHS = NO;
				CLANG_ANALYZER_NONNULL = YES;
				CLANG_CXX_LANGUAGE_STANDARD = "gnu++0x";
				CLANG_CXX_LIBRARY = "libc++";
				CLANG_ENABLE_MODULES = YES;
				CLANG_ENABLE_OBJC_ARC = YES;
				CLANG_WARN_BOOL_CONVERSION = YES;
				CLANG_WARN_CONSTANT_CONVERSION = YES;
				CLANG_WARN_DIRECT_OBJC_ISA_USAGE = YES_ERROR;
				CLANG_WARN_DOCUMENTATION_COMMENTS = YES;
				CLANG_WARN_EMPTY_BODY = YES;
				CLANG_WARN_ENUM_CONVERSION = YES;
				CLANG_WARN_INFINITE_RECURSION = YES;
				CLANG_WARN_INT_CONVERSION = YES;
				CLANG_WARN_OBJC_ROOT_CLASS = YES_ERROR;
				CLANG_WARN_SUSPICIOUS_MOVES = YES;
				CLANG_WARN_UNREACHABLE_CODE = YES;
				CLANG_WARN__DUPLICATE_METHOD_MATCH = YES;
				"CODE_SIGN_IDENTITY[sdk=iphoneos*]" = "iPhone Developer";
				COPY_PHASE_STRIP = NO;
				DEBUG_INFORMATION_FORMAT = dwarf;
				ENABLE_STRICT_OBJC_MSGSEND = YES;
				ENABLE_TESTABILITY = YES;
				GCC_C_LANGUAGE_STANDARD = gnu99;
				GCC_DYNAMIC_NO_PIC = NO;
				GCC_NO_COMMON_BLOCKS = YES;
				GCC_OPTIMIZATION_LEVEL = 0;
				GCC_PREPROCESSOR_DEFINITIONS = (
					"DEBUG=1",
					"$(inherited)",
				);
				GCC_WARN_64_TO_32_BIT_CONVERSION = YES;
				GCC_WARN_ABOUT_RETURN_TYPE = YES_ERROR;
				GCC_WARN_UNDECLARED_SELECTOR = YES;
				GCC_WARN_UNINITIALIZED_AUTOS = YES_AGGRESSIVE;
				GCC_WARN_UNUSED_FUNCTION = YES;
				GCC_WARN_UNUSED_VARIABLE = YES;
				IPHONEOS_DEPLOYMENT_TARGET = 10.1;
				MTL_ENABLE_DEBUG_INFO = YES;
				ONLY_ACTIVE_ARCH = YES;
				SDKROOT = iphoneos;
			};
			name = Debug;
		};
		5F2C544C1E2F394C003B61CC /* Release */ = {
			isa = XCBuildConfiguration;
			buildSettings = {
				ALWAYS_SEARCH_USER_PATHS = NO;
				CLANG_ANALYZER_NONNULL = YES;
				CLANG_CXX_LANGUAGE_STANDARD = "gnu++0x";
				CLANG_CXX_LIBRARY = "libc++";
				CLANG_ENABLE_MODULES = YES;
				CLANG_ENABLE_OBJC_ARC = YES;
				CLANG_WARN_BOOL_CONVERSION = YES;
				CLANG_WARN_CONSTANT_CONVERSION = YES;
				CLANG_WARN_DIRECT_OBJC_ISA_USAGE = YES_ERROR;
				CLANG_WARN_DOCUMENTATION_COMMENTS = YES;
				CLANG_WARN_EMPTY_BODY = YES;
				CLANG_WARN_ENUM_CONVERSION = YES;
				CLANG_WARN_INFINITE_RECURSION = YES;
				CLANG_WARN_INT_CONVERSION = YES;
				CLANG_WARN_OBJC_ROOT_CLASS = YES_ERROR;
				CLANG_WARN_SUSPICIOUS_MOVES = YES;
				CLANG_WARN_UNREACHABLE_CODE = YES;
				CLANG_WARN__DUPLICATE_METHOD_MATCH = YES;
				"CODE_SIGN_IDENTITY[sdk=iphoneos*]" = "iPhone Developer";
				COPY_PHASE_STRIP = NO;
				DEBUG_INFORMATION_FORMAT = "dwarf-with-dsym";
				ENABLE_NS_ASSERTIONS = NO;
				ENABLE_STRICT_OBJC_MSGSEND = YES;
				GCC_C_LANGUAGE_STANDARD = gnu99;
				GCC_NO_COMMON_BLOCKS = YES;
				GCC_WARN_64_TO_32_BIT_CONVERSION = YES;
				GCC_WARN_ABOUT_RETURN_TYPE = YES_ERROR;
				GCC_WARN_UNDECLARED_SELECTOR = YES;
				GCC_WARN_UNINITIALIZED_AUTOS = YES_AGGRESSIVE;
				GCC_WARN_UNUSED_FUNCTION = YES;
				GCC_WARN_UNUSED_VARIABLE = YES;
				IPHONEOS_DEPLOYMENT_TARGET = 10.1;
				MTL_ENABLE_DEBUG_INFO = NO;
				SDKROOT = iphoneos;
				VALIDATE_PRODUCT = YES;
			};
			name = Release;
		};
		5F2C544E1E2F394C003B61CC /* Debug */ = {
			isa = XCBuildConfiguration;
			buildSettings = {
				ASSETCATALOG_COMPILER_APPICON_NAME = AppIcon;
				DEVELOPMENT_TEAM = V369DRVQ8P;
				INFOPLIST_FILE = xCallBackTestTwo/Info.plist;
				IPHONEOS_DEPLOYMENT_TARGET = 10.0;
				LD_RUNPATH_SEARCH_PATHS = "$(inherited) @executable_path/Frameworks";
				PRODUCT_BUNDLE_IDENTIFIER = com.example.xCallBackTestTwo;
				PRODUCT_NAME = "$(TARGET_NAME)";
			};
			name = Debug;
		};
		5F2C544F1E2F394C003B61CC /* Release */ = {
			isa = XCBuildConfiguration;
			buildSettings = {
				ASSETCATALOG_COMPILER_APPICON_NAME = AppIcon;
				DEVELOPMENT_TEAM = V369DRVQ8P;
				INFOPLIST_FILE = xCallBackTestTwo/Info.plist;
				IPHONEOS_DEPLOYMENT_TARGET = 10.0;
				LD_RUNPATH_SEARCH_PATHS = "$(inherited) @executable_path/Frameworks";
				PRODUCT_BUNDLE_IDENTIFIER = com.example.xCallBackTestTwo;
				PRODUCT_NAME = "$(TARGET_NAME)";
			};
			name = Release;
		};
		5F2C54511E2F394C003B61CC /* Debug */ = {
			isa = XCBuildConfiguration;
			buildSettings = {
				BUNDLE_LOADER = "$(TEST_HOST)";
				INFOPLIST_FILE = xCallBackTestTwoTests/Info.plist;
				LD_RUNPATH_SEARCH_PATHS = "$(inherited) @executable_path/Frameworks @loader_path/Frameworks";
				PRODUCT_BUNDLE_IDENTIFIER = com.example.xCallBackTestTwoTests;
				PRODUCT_NAME = "$(TARGET_NAME)";
				TEST_HOST = "$(BUILT_PRODUCTS_DIR)/xCallBackTestTwo.app/xCallBackTestTwo";
			};
			name = Debug;
		};
		5F2C54521E2F394C003B61CC /* Release */ = {
			isa = XCBuildConfiguration;
			buildSettings = {
				BUNDLE_LOADER = "$(TEST_HOST)";
				INFOPLIST_FILE = xCallBackTestTwoTests/Info.plist;
				LD_RUNPATH_SEARCH_PATHS = "$(inherited) @executable_path/Frameworks @loader_path/Frameworks";
				PRODUCT_BUNDLE_IDENTIFIER = com.example.xCallBackTestTwoTests;
				PRODUCT_NAME = "$(TARGET_NAME)";
				TEST_HOST = "$(BUILT_PRODUCTS_DIR)/xCallBackTestTwo.app/xCallBackTestTwo";
			};
			name = Release;
		};
/* End XCBuildConfiguration section */

/* Begin XCConfigurationList section */
		5F2C54261E2F394C003B61CC /* Build configuration list for PBXProject "xCallBackTestTwo" */ = {
			isa = XCConfigurationList;
			buildConfigurations = (
				5F2C544B1E2F394C003B61CC /* Debug */,
				5F2C544C1E2F394C003B61CC /* Release */,
			);
			defaultConfigurationIsVisible = 0;
			defaultConfigurationName = Release;
		};
		5F2C544D1E2F394C003B61CC /* Build configuration list for PBXNativeTarget "xCallBackTestTwo" */ = {
			isa = XCConfigurationList;
			buildConfigurations = (
				5F2C544E1E2F394C003B61CC /* Debug */,
				5F2C544F1E2F394C003B61CC /* Release */,
			);
			defaultConfigurationIsVisible = 0;
			defaultConfigurationName = Release;
		};
		5F2C54501E2F394C003B61CC /* Build configuration list for PBXNativeTarget "xCallBackTestTwoTests" */ = {
			isa = XCConfigurationList;
			buildConfigurations = (
				5F2C54511E2F394C003B61CC /* Debug */,
				5F2C54521E2F394C003B61CC /* Release */,
			);
			defaultConfigurationIsVisible = 0;
			defaultConfigurationName = Release;
		};
/* End XCConfigurationList section */
	};
	rootObject = 5F2C54231E2F394C003B61CC /* Project object */;
}
